
Microsoft Visual Studio Solution File, Format Version 12.00
# Visual Studio Version 17
VisualStudioVersion = 17.4.33103.184
MinimumVisualStudioVersion = 10.0.40219.1
Project("{FAE04EC0-301F-11D3-BF4B-00C04F79EFBC}") = "ReceiverApp.Api", "ReceiverApp.Api\ReceiverApp.Api.csproj", "{E7222B2D-60D9-4711-B6E4-1515DB335F75}"
EndProject
Global
	GlobalSection(SolutionConfigurationPlatforms) = preSolution
		Debug|Any CPU = Debug|Any CPU
		Release|Any CPU = Release|Any CPU
	EndGlobalSection
	GlobalSection(ProjectConfigurationPlatforms) = postSolution
		{E7222B2D-60D9-4711-B6E4-1515DB335F75}.Debug|Any CPU.ActiveCfg = Debug|Any CPU
		{E7222B2D-60D9-4711-B6E4-1515DB335F75}.Debug|Any CPU.Build.0 = Debug|Any CPU
		{E7222B2D-60D9-4711-B6E4-1515DB335F75}.Release|Any CPU.ActiveCfg = Release|Any CPU
		{E7222B2D-60D9-4711-B6E4-1515DB335F75}.Release|Any CPU.Build.0 = Release|Any CPU
	EndGlobalSection
	GlobalSection(SolutionProperties) = preSolution
		HideSolutionNode = FALSE
	EndGlobalSection
	GlobalSection(ExtensibilityGlobals) = postSolution
		SolutionGuid = {5F8EED6F-6359-4FD2-AF19-F29F47C2EB1F}
	EndGlobalSection
EndGlobal
